
Microsoft Visual Studio Solution File, Format Version 12.00
# Visual Studio Version 16
VisualStudioVersion = 16.0.30225.117
MinimumVisualStudioVersion = 10.0.40219.1
Project("{FAE04EC0-301F-11D3-BF4B-00C04F79EFBC}") = "TextBackup", "TextBackup\TextBackup.csproj", "{CD9696A3-C73D-4E1A-ADDB-4F2795D10FBF}"
EndProject
Project("{FAE04EC0-301F-11D3-BF4B-00C04F79EFBC}") = "TextBackup.Wpf", "TextBackup.Wpf\TextBackup.Wpf.csproj", "{19FE9816-6D3A-4BAA-B07A-1C85EB5A64F1}"
EndProject
Project("{FAE04EC0-301F-11D3-BF4B-00C04F79EFBC}") = "TextBackup.PS", "TextBackup.PS\TextBackup.PS.csproj", "{C5B5167D-FEBF-4BD6-B3B3-294905FBE8B6}"
EndProject
Project("{FAE04EC0-301F-11D3-BF4B-00C04F79EFBC}") = "Manifest", "Manifest\Manifest.csproj", "{C4C7F510-E2D0-48A9-882D-21C567A827C1}"
EndProject
Project("{FAE04EC0-301F-11D3-BF4B-00C04F79EFBC}") = "Debugger", "Debugger\Debugger.csproj", "{8B5C420A-36A0-4F79-BE0A-A3EADEC8187C}"
EndProject
Project("{2150E333-8FDC-42A3-9474-1A3956D46DE8}") = "Solution Items", "Solution Items", "{3EFA4151-F1FD-4E8A-A8A3-8CEC6DE84D7C}"
	ProjectSection(SolutionItems) = preProject
		CreateManifest.bat = CreateManifest.bat
	EndProjectSection
EndProject
Global
	GlobalSection(SolutionConfigurationPlatforms) = preSolution
		Debug|Any CPU = Debug|Any CPU
		Release|Any CPU = Release|Any CPU
	EndGlobalSection
	GlobalSection(ProjectConfigurationPlatforms) = postSolution
		{CD9696A3-C73D-4E1A-ADDB-4F2795D10FBF}.Debug|Any CPU.ActiveCfg = Debug|Any CPU
		{CD9696A3-C73D-4E1A-ADDB-4F2795D10FBF}.Debug|Any CPU.Build.0 = Debug|Any CPU
		{CD9696A3-C73D-4E1A-ADDB-4F2795D10FBF}.Release|Any CPU.ActiveCfg = Release|Any CPU
		{CD9696A3-C73D-4E1A-ADDB-4F2795D10FBF}.Release|Any CPU.Build.0 = Release|Any CPU
		{19FE9816-6D3A-4BAA-B07A-1C85EB5A64F1}.Debug|Any CPU.ActiveCfg = Debug|Any CPU
		{19FE9816-6D3A-4BAA-B07A-1C85EB5A64F1}.Debug|Any CPU.Build.0 = Debug|Any CPU
		{19FE9816-6D3A-4BAA-B07A-1C85EB5A64F1}.Release|Any CPU.ActiveCfg = Release|Any CPU
		{19FE9816-6D3A-4BAA-B07A-1C85EB5A64F1}.Release|Any CPU.Build.0 = Release|Any CPU
		{C5B5167D-FEBF-4BD6-B3B3-294905FBE8B6}.Debug|Any CPU.ActiveCfg = Debug|Any CPU
		{C5B5167D-FEBF-4BD6-B3B3-294905FBE8B6}.Debug|Any CPU.Build.0 = Debug|Any CPU
		{C5B5167D-FEBF-4BD6-B3B3-294905FBE8B6}.Release|Any CPU.ActiveCfg = Release|Any CPU
		{C5B5167D-FEBF-4BD6-B3B3-294905FBE8B6}.Release|Any CPU.Build.0 = Release|Any CPU
		{C4C7F510-E2D0-48A9-882D-21C567A827C1}.Debug|Any CPU.ActiveCfg = Debug|Any CPU
		{C4C7F510-E2D0-48A9-882D-21C567A827C1}.Debug|Any CPU.Build.0 = Debug|Any CPU
		{C4C7F510-E2D0-48A9-882D-21C567A827C1}.Release|Any CPU.ActiveCfg = Release|Any CPU
		{C4C7F510-E2D0-48A9-882D-21C567A827C1}.Release|Any CPU.Build.0 = Release|Any CPU
		{8B5C420A-36A0-4F79-BE0A-A3EADEC8187C}.Debug|Any CPU.ActiveCfg = Debug|Any CPU
		{8B5C420A-36A0-4F79-BE0A-A3EADEC8187C}.Debug|Any CPU.Build.0 = Debug|Any CPU
		{8B5C420A-36A0-4F79-BE0A-A3EADEC8187C}.Release|Any CPU.ActiveCfg = Release|Any CPU
		{8B5C420A-36A0-4F79-BE0A-A3EADEC8187C}.Release|Any CPU.Build.0 = Release|Any CPU
	EndGlobalSection
	GlobalSection(SolutionProperties) = preSolution
		HideSolutionNode = FALSE
	EndGlobalSection
	GlobalSection(ExtensibilityGlobals) = postSolution
		SolutionGuid = {178312EA-7C36-4FE8-AB61-B7270B252BF7}
	EndGlobalSection
EndGlobal
